
Microsoft Visual Studio Solution File, Format Version 12.00
# Visual Studio Version 17
VisualStudioVersion = 17.7.34024.191
MinimumVisualStudioVersion = 10.0.40219.1
Project("{FAE04EC0-301F-11D3-BF4B-00C04F79EFBC}") = "Backprop", "Backprop\Backprop.csproj", "{2562E3D0-9A1E-42F7-8745-E9E302FDF107}"
EndProject
Global
	GlobalSection(SolutionConfigurationPlatforms) = preSolution
		Debug|Any CPU = Debug|Any CPU
		Release|Any CPU = Release|Any CPU
	EndGlobalSection
	GlobalSection(ProjectConfigurationPlatforms) = postSolution
		{2562E3D0-9A1E-42F7-8745-E9E302FDF107}.Debug|Any CPU.ActiveCfg = Debug|Any CPU
		{2562E3D0-9A1E-42F7-8745-E9E302FDF107}.Debug|Any CPU.Build.0 = Debug|Any CPU
		{2562E3D0-9A1E-42F7-8745-E9E302FDF107}.Release|Any CPU.ActiveCfg = Release|Any CPU
		{2562E3D0-9A1E-42F7-8745-E9E302FDF107}.Release|Any CPU.Build.0 = Release|Any CPU
	EndGlobalSection
	GlobalSection(SolutionProperties) = preSolution
		HideSolutionNode = FALSE
	EndGlobalSection
	GlobalSection(ExtensibilityGlobals) = postSolution
		SolutionGuid = {EB51140C-8B8F-45DA-8007-74EB2EE0FF29}
	EndGlobalSection
EndGlobal
